// !$*UTF8*$!
{
	archiveVersion = 1;
	classes = {
	};
	objectVersion = 55;
	objects = {

/* Begin PBXBuildFile section */
		A372A3F028759F150010A894 /* AppDelegate.swift in Sources */ = {isa = PBXBuildFile; fileRef = A372A3EF28759F150010A894 /* AppDelegate.swift */; };
		A372A3F228759F150010A894 /* SceneDelegate.swift in Sources */ = {isa = PBXBuildFile; fileRef = A372A3F128759F150010A894 /* SceneDelegate.swift */; };
		A372A3F928759F170010A894 /* Assets.xcassets in Resources */ = {isa = PBXBuildFile; fileRef = A372A3F828759F170010A894 /* Assets.xcassets */; };
		A372A3FC28759F170010A894 /* LaunchScreen.storyboard in Resources */ = {isa = PBXBuildFile; fileRef = A372A3FA28759F170010A894 /* LaunchScreen.storyboard */; };
		A37388E9287C1E9200C1E7A4 /* MainTabBarController.swift in Sources */ = {isa = PBXBuildFile; fileRef = A37388E8287C1E9200C1E7A4 /* MainTabBarController.swift */; };
		A37388EB287C1EB400C1E7A4 /* NavigationController.swift in Sources */ = {isa = PBXBuildFile; fileRef = A37388EA287C1EB400C1E7A4 /* NavigationController.swift */; };
		A37388ED287C1ED200C1E7A4 /* HomeViewController.swift in Sources */ = {isa = PBXBuildFile; fileRef = A37388EC287C1ED200C1E7A4 /* HomeViewController.swift */; };
		A37388EF287C1EDE00C1E7A4 /* LaunchesViewController.swift in Sources */ = {isa = PBXBuildFile; fileRef = A37388EE287C1EDE00C1E7A4 /* LaunchesViewController.swift */; };
		A37388F1287C1EE800C1E7A4 /* RocketsViewController.swift in Sources */ = {isa = PBXBuildFile; fileRef = A37388F0287C1EE800C1E7A4 /* RocketsViewController.swift */; };
		A37388F3287C858200C1E7A4 /* Extension+UIColor.swift in Sources */ = {isa = PBXBuildFile; fileRef = A37388F2287C858200C1E7A4 /* Extension+UIColor.swift */; };
		A37E71D8287AD25500E2B6C8 /* Apollo in Frameworks */ = {isa = PBXBuildFile; productRef = A37E71D7287AD25500E2B6C8 /* Apollo */; };
		A37E71DA287AD25500E2B6C8 /* ApolloWebSocket in Frameworks */ = {isa = PBXBuildFile; productRef = A37E71D9287AD25500E2B6C8 /* ApolloWebSocket */; };
/* End PBXBuildFile section */

/* Begin PBXFileReference section */
		A372A3EC28759F150010A894 /* SpaceX.app */ = {isa = PBXFileReference; explicitFileType = wrapper.application; includeInIndex = 0; path = SpaceX.app; sourceTree = BUILT_PRODUCTS_DIR; };
		A372A3EF28759F150010A894 /* AppDelegate.swift */ = {isa = PBXFileReference; lastKnownFileType = sourcecode.swift; path = AppDelegate.swift; sourceTree = "<group>"; };
		A372A3F128759F150010A894 /* SceneDelegate.swift */ = {isa = PBXFileReference; lastKnownFileType = sourcecode.swift; path = SceneDelegate.swift; sourceTree = "<group>"; };
		A372A3F828759F170010A894 /* Assets.xcassets */ = {isa = PBXFileReference; lastKnownFileType = folder.assetcatalog; path = Assets.xcassets; sourceTree = "<group>"; };
		A372A3FB28759F170010A894 /* Base */ = {isa = PBXFileReference; lastKnownFileType = file.storyboard; name = Base; path = Base.lproj/LaunchScreen.storyboard; sourceTree = "<group>"; };
		A372A3FD28759F170010A894 /* Info.plist */ = {isa = PBXFileReference; lastKnownFileType = text.plist.xml; path = Info.plist; sourceTree = "<group>"; };
		A37388E8287C1E9200C1E7A4 /* MainTabBarController.swift */ = {isa = PBXFileReference; lastKnownFileType = sourcecode.swift; path = MainTabBarController.swift; sourceTree = "<group>"; };
		A37388EA287C1EB400C1E7A4 /* NavigationController.swift */ = {isa = PBXFileReference; lastKnownFileType = sourcecode.swift; path = NavigationController.swift; sourceTree = "<group>"; };
		A37388EC287C1ED200C1E7A4 /* HomeViewController.swift */ = {isa = PBXFileReference; lastKnownFileType = sourcecode.swift; path = HomeViewController.swift; sourceTree = "<group>"; };
		A37388EE287C1EDE00C1E7A4 /* LaunchesViewController.swift */ = {isa = PBXFileReference; lastKnownFileType = sourcecode.swift; path = LaunchesViewController.swift; sourceTree = "<group>"; };
		A37388F0287C1EE800C1E7A4 /* RocketsViewController.swift */ = {isa = PBXFileReference; lastKnownFileType = sourcecode.swift; path = RocketsViewController.swift; sourceTree = "<group>"; };
		A37388F2287C858200C1E7A4 /* Extension+UIColor.swift */ = {isa = PBXFileReference; lastKnownFileType = sourcecode.swift; path = "Extension+UIColor.swift"; sourceTree = "<group>"; };
		A37E71DE287AE7D700E2B6C8 /* schema.json */ = {isa = PBXFileReference; lastKnownFileType = text.json; path = schema.json; sourceTree = "<group>"; };
		A3A2EA36287DA99000C62B81 /* HomeInfoQuery.graphql */ = {isa = PBXFileReference; lastKnownFileType = text; path = HomeInfoQuery.graphql; sourceTree = "<group>"; };
		A3A2EA37287DA9A400C62B81 /* API.swift */ = {isa = PBXFileReference; lastKnownFileType = sourcecode.swift; path = API.swift; sourceTree = "<group>"; };
/* End PBXFileReference section */

/* Begin PBXFrameworksBuildPhase section */
		A372A3E928759F150010A894 /* Frameworks */ = {
			isa = PBXFrameworksBuildPhase;
			buildActionMask = 2147483647;
			files = (
				A37E71D8287AD25500E2B6C8 /* Apollo in Frameworks */,
				A37E71DA287AD25500E2B6C8 /* ApolloWebSocket in Frameworks */,
			);
			runOnlyForDeploymentPostprocessing = 0;
		};
/* End PBXFrameworksBuildPhase section */

/* Begin PBXGroup section */
		A372A3E328759F150010A894 = {
			isa = PBXGroup;
			children = (
				A372A3EE28759F150010A894 /* SpaceX */,
				A372A3ED28759F150010A894 /* Products */,
			);
			sourceTree = "<group>";
		};
		A372A3ED28759F150010A894 /* Products */ = {
			isa = PBXGroup;
			children = (
				A372A3EC28759F150010A894 /* SpaceX.app */,
			);
			name = Products;
			sourceTree = "<group>";
		};
		A372A3EE28759F150010A894 /* SpaceX */ = {
			isa = PBXGroup;
			children = (
				A37388E8287C1E9200C1E7A4 /* MainTabBarController.swift */,
				A37388EA287C1EB400C1E7A4 /* NavigationController.swift */,
				A37388EC287C1ED200C1E7A4 /* HomeViewController.swift */,
				A37388EE287C1EDE00C1E7A4 /* LaunchesViewController.swift */,
				A37388F0287C1EE800C1E7A4 /* RocketsViewController.swift */,
				A37E71DD287AD8CC00E2B6C8 /* GraphQL */,
				A372A4032875B0190010A894 /* Sources */,
				A372A4042875B02F0010A894 /* SupportingFiles */,
				A37388F2287C858200C1E7A4 /* Extension+UIColor.swift */,
			);
			path = SpaceX;
			sourceTree = "<group>";
		};
		A372A4032875B0190010A894 /* Sources */ = {
			isa = PBXGroup;
			children = (
				A372A3F828759F170010A894 /* Assets.xcassets */,
			);
			path = Sources;
			sourceTree = "<group>";
		};
		A372A4042875B02F0010A894 /* SupportingFiles */ = {
			isa = PBXGroup;
			children = (
				A372A3EF28759F150010A894 /* AppDelegate.swift */,
				A372A3F128759F150010A894 /* SceneDelegate.swift */,
				A372A3FA28759F170010A894 /* LaunchScreen.storyboard */,
				A372A3FD28759F170010A894 /* Info.plist */,
			);
			path = SupportingFiles;
			sourceTree = "<group>";
		};
		A37E71DD287AD8CC00E2B6C8 /* GraphQL */ = {
			isa = PBXGroup;
			children = (
				A37E71DE287AE7D700E2B6C8 /* schema.json */,
				A3A2EA37287DA9A400C62B81 /* API.swift */,
				A3A2EA36287DA99000C62B81 /* HomeInfoQuery.graphql */,
			);
			path = GraphQL;
			sourceTree = "<group>";
		};
/* End PBXGroup section */

/* Begin PBXNativeTarget section */
		A372A3EB28759F150010A894 /* SpaceX */ = {
			isa = PBXNativeTarget;
			buildConfigurationList = A372A40028759F170010A894 /* Build configuration list for PBXNativeTarget "SpaceX" */;
			buildPhases = (
				A37E71DB287AD66C00E2B6C8 /* Apollo */,
				A37388F8287D9F7A00C1E7A4 /* Generate Apollo GraphQL API */,
				A372A3E828759F150010A894 /* Sources */,
				A372A3E928759F150010A894 /* Frameworks */,
				A372A3EA28759F150010A894 /* Resources */,
			);
			buildRules = (
			);
			dependencies = (
			);
			name = SpaceX;
			packageProductDependencies = (
				A37E71D7287AD25500E2B6C8 /* Apollo */,
				A37E71D9287AD25500E2B6C8 /* ApolloWebSocket */,
			);
			productName = SpaceX;
			productReference = A372A3EC28759F150010A894 /* SpaceX.app */;
			productType = "com.apple.product-type.application";
		};
/* End PBXNativeTarget section */

/* Begin PBXProject section */
		A372A3E428759F150010A894 /* Project object */ = {
			isa = PBXProject;
			attributes = {
				BuildIndependentTargetsInParallel = 1;
				LastSwiftUpdateCheck = 1340;
				LastUpgradeCheck = 1340;
				TargetAttributes = {
					A372A3EB28759F150010A894 = {
						CreatedOnToolsVersion = 13.4.1;
					};
				};
			};
			buildConfigurationList = A372A3E728759F150010A894 /* Build configuration list for PBXProject "SpaceX" */;
			compatibilityVersion = "Xcode 13.0";
			developmentRegion = en;
			hasScannedForEncodings = 0;
			knownRegions = (
				en,
				Base,
			);
			mainGroup = A372A3E328759F150010A894;
			packageReferences = (
				A37E71D6287AD25500E2B6C8 /* XCRemoteSwiftPackageReference "apollo-ios" */,
			);
			productRefGroup = A372A3ED28759F150010A894 /* Products */;
			projectDirPath = "";
			projectRoot = "";
			targets = (
				A372A3EB28759F150010A894 /* SpaceX */,
			);
		};
/* End PBXProject section */

/* Begin PBXResourcesBuildPhase section */
		A372A3EA28759F150010A894 /* Resources */ = {
			isa = PBXResourcesBuildPhase;
			buildActionMask = 2147483647;
			files = (
				A372A3FC28759F170010A894 /* LaunchScreen.storyboard in Resources */,
				A372A3F928759F170010A894 /* Assets.xcassets in Resources */,
			);
			runOnlyForDeploymentPostprocessing = 0;
		};
/* End PBXResourcesBuildPhase section */

/* Begin PBXShellScriptBuildPhase section */
		A37388F8287D9F7A00C1E7A4 /* Generate Apollo GraphQL API */ = {
			isa = PBXShellScriptBuildPhase;
			buildActionMask = 2147483647;
			files = (
			);
			inputFileListPaths = (
			);
			inputPaths = (
			);
			name = "Generate Apollo GraphQL API";
			outputFileListPaths = (
			);
			outputPaths = (
			);
			runOnlyForDeploymentPostprocessing = 0;
			shellPath = /bin/sh;
			shellScript = "# Don't run this during index builds\nif [ $ACTION = \"indexbuild\" ]; then exit 0; fi\n\n# Go to the build root and search up the chain to find the Derived Data Path where the source packages are checked out.\nDERIVED_DATA_CANDIDATE=\"${BUILD_ROOT}\"\n\nwhile ! [ -d \"${DERIVED_DATA_CANDIDATE}/SourcePackages\" ]; do\n  if [ \"${DERIVED_DATA_CANDIDATE}\" = / ]; then\n    echo >&2 \"error: Unable to locate SourcePackages directory from BUILD_ROOT: '${BUILD_ROOT}'\"\n    exit 1\n  fi\n\n  DERIVED_DATA_CANDIDATE=\"$(dirname \"${DERIVED_DATA_CANDIDATE}\")\"\ndone\n\n# Grab a reference to the directory where scripts are checked out\nSCRIPT_PATH=\"${DERIVED_DATA_CANDIDATE}/SourcePackages/checkouts/apollo-ios/scripts\"\n\nif [ -z \"${SCRIPT_PATH}\" ]; then\n    echo >&2 \"error: Couldn't find the CLI script in your checked out SPM packages; make sure to add the framework to your project.\"\n    exit 1\nfi\n\ncd \"${SRCROOT}/${TARGET_NAME}/GraphQL\"\n\"${SCRIPT_PATH}\"/run-bundled-codegen.sh codegen:generate --target=swift --includes=./**/*.graphql --localSchemaFile=\"schema.json\" API.swift\n";
		};
		A37E71DB287AD66C00E2B6C8 /* Apollo */ = {
			isa = PBXShellScriptBuildPhase;
			buildActionMask = 2147483647;
			files = (
			);
			inputFileListPaths = (
			);
			inputPaths = (
			);
			name = Apollo;
			outputFileListPaths = (
			);
			outputPaths = (
			);
			runOnlyForDeploymentPostprocessing = 0;
			shellPath = /bin/sh;
			shellScript = "# Don't run this during index builds\nif [ $ACTION = \"indexbuild\" ]; then exit 0; fi\n\n# Go to the build root and search up the chain to find the Derived Data Path where the source packages are checked out.\nDERIVED_DATA_CANDIDATE=\"${BUILD_ROOT}\"\n\nwhile ! [ -d \"${DERIVED_DATA_CANDIDATE}/SourcePackages\" ]; do\n  if [ \"${DERIVED_DATA_CANDIDATE}\" = / ]; then\n    echo >&2 \"error: Unable to locate SourcePackages directory from BUILD_ROOT: '${BUILD_ROOT}'\"\n    exit 1\n  fi\n\n  DERIVED_DATA_CANDIDATE=\"$(dirname \"${DERIVED_DATA_CANDIDATE}\")\"\ndone\n\n# Grab a reference to the directory where scripts are checked out\nSCRIPT_PATH=\"${DERIVED_DATA_CANDIDATE}/SourcePackages/checkouts/apollo-ios/scripts\"\n\nif [ -z \"${SCRIPT_PATH}\" ]; then\n    echo >&2 \"error: Couldn't find the CLI script in your checked out SPM packages; make sure to add the framework to your project.\"\n    exit 1\nfi\n\ncd \"${SRCROOT}/${TARGET_NAME}/GraphQL\"\n\"${SCRIPT_PATH}\"/run-bundled-codegen.sh schema:download --endpoint=\"https://api.spacex.land/graphql/\" \n";
		};
/* End PBXShellScriptBuildPhase section */

/* Begin PBXSourcesBuildPhase section */
		A372A3E828759F150010A894 /* Sources */ = {
			isa = PBXSourcesBuildPhase;
			buildActionMask = 2147483647;
			files = (
				A37388F1287C1EE800C1E7A4 /* RocketsViewController.swift in Sources */,
				A37388E9287C1E9200C1E7A4 /* MainTabBarController.swift in Sources */,
				A37388EF287C1EDE00C1E7A4 /* LaunchesViewController.swift in Sources */,
				A37388EB287C1EB400C1E7A4 /* NavigationController.swift in Sources */,
				A372A3F028759F150010A894 /* AppDelegate.swift in Sources */,
				A372A3F228759F150010A894 /* SceneDelegate.swift in Sources */,
				A37388ED287C1ED200C1E7A4 /* HomeViewController.swift in Sources */,
				A37388F3287C858200C1E7A4 /* Extension+UIColor.swift in Sources */,
			);
			runOnlyForDeploymentPostprocessing = 0;
		};
/* End PBXSourcesBuildPhase section */

/* Begin PBXVariantGroup section */
		A372A3FA28759F170010A894 /* LaunchScreen.storyboard */ = {
			isa = PBXVariantGroup;
			children = (
				A372A3FB28759F170010A894 /* Base */,
			);
			name = LaunchScreen.storyboard;
			sourceTree = "<group>";
		};
/* End PBXVariantGroup section */

/* Begin XCBuildConfiguration section */
		A372A3FE28759F170010A894 /* Debug */ = {
			isa = XCBuildConfiguration;
			buildSettings = {
				ALWAYS_SEARCH_USER_PATHS = NO;
				CLANG_ANALYZER_NONNULL = YES;
				CLANG_ANALYZER_NUMBER_OBJECT_CONVERSION = YES_AGGRESSIVE;
				CLANG_CXX_LANGUAGE_STANDARD = "gnu++17";
				CLANG_ENABLE_MODULES = YES;
				CLANG_ENABLE_OBJC_ARC = YES;
				CLANG_ENABLE_OBJC_WEAK = YES;
				CLANG_WARN_BLOCK_CAPTURE_AUTORELEASING = YES;
				CLANG_WARN_BOOL_CONVERSION = YES;
				CLANG_WARN_COMMA = YES;
				CLANG_WARN_CONSTANT_CONVERSION = YES;
				CLANG_WARN_DEPRECATED_OBJC_IMPLEMENTATIONS = YES;
				CLANG_WARN_DIRECT_OBJC_ISA_USAGE = YES_ERROR;
				CLANG_WARN_DOCUMENTATION_COMMENTS = YES;
				CLANG_WARN_EMPTY_BODY = YES;
				CLANG_WARN_ENUM_CONVERSION = YES;
				CLANG_WARN_INFINITE_RECURSION = YES;
				CLANG_WARN_INT_CONVERSION = YES;
				CLANG_WARN_NON_LITERAL_NULL_CONVERSION = YES;
				CLANG_WARN_OBJC_IMPLICIT_RETAIN_SELF = YES;
				CLANG_WARN_OBJC_LITERAL_CONVERSION = YES;
				CLANG_WARN_OBJC_ROOT_CLASS = YES_ERROR;
				CLANG_WARN_QUOTED_INCLUDE_IN_FRAMEWORK_HEADER = YES;
				CLANG_WARN_RANGE_LOOP_ANALYSIS = YES;
				CLANG_WARN_STRICT_PROTOTYPES = YES;
				CLANG_WARN_SUSPICIOUS_MOVE = YES;
				CLANG_WARN_UNGUARDED_AVAILABILITY = YES_AGGRESSIVE;
				CLANG_WARN_UNREACHABLE_CODE = YES;
				CLANG_WARN__DUPLICATE_METHOD_MATCH = YES;
				COPY_PHASE_STRIP = NO;
				DEBUG_INFORMATION_FORMAT = dwarf;
				ENABLE_STRICT_OBJC_MSGSEND = YES;
				ENABLE_TESTABILITY = YES;
				GCC_C_LANGUAGE_STANDARD = gnu11;
				GCC_DYNAMIC_NO_PIC = NO;
				GCC_NO_COMMON_BLOCKS = YES;
				GCC_OPTIMIZATION_LEVEL = 0;
				GCC_PREPROCESSOR_DEFINITIONS = (
					"DEBUG=1",
					"$(inherited)",
				);
				GCC_WARN_64_TO_32_BIT_CONVERSION = YES;
				GCC_WARN_ABOUT_RETURN_TYPE = YES_ERROR;
				GCC_WARN_UNDECLARED_SELECTOR = YES;
				GCC_WARN_UNINITIALIZED_AUTOS = YES_AGGRESSIVE;
				GCC_WARN_UNUSED_FUNCTION = YES;
				GCC_WARN_UNUSED_VARIABLE = YES;
				IPHONEOS_DEPLOYMENT_TARGET = 14.0;
				MTL_ENABLE_DEBUG_INFO = INCLUDE_SOURCE;
				MTL_FAST_MATH = YES;
				ONLY_ACTIVE_ARCH = YES;
				SDKROOT = iphoneos;
				SWIFT_ACTIVE_COMPILATION_CONDITIONS = DEBUG;
				SWIFT_OPTIMIZATION_LEVEL = "-Onone";
			};
			name = Debug;
		};
		A372A3FF28759F170010A894 /* Release */ = {
			isa = XCBuildConfiguration;
			buildSettings = {
				ALWAYS_SEARCH_USER_PATHS = NO;
				CLANG_ANALYZER_NONNULL = YES;
				CLANG_ANALYZER_NUMBER_OBJECT_CONVERSION = YES_AGGRESSIVE;
				CLANG_CXX_LANGUAGE_STANDARD = "gnu++17";
				CLANG_ENABLE_MODULES = YES;
				CLANG_ENABLE_OBJC_ARC = YES;
				CLANG_ENABLE_OBJC_WEAK = YES;
				CLANG_WARN_BLOCK_CAPTURE_AUTORELEASING = YES;
				CLANG_WARN_BOOL_CONVERSION = YES;
				CLANG_WARN_COMMA = YES;
				CLANG_WARN_CONSTANT_CONVERSION = YES;
				CLANG_WARN_DEPRECATED_OBJC_IMPLEMENTATIONS = YES;
				CLANG_WARN_DIRECT_OBJC_ISA_USAGE = YES_ERROR;
				CLANG_WARN_DOCUMENTATION_COMMENTS = YES;
				CLANG_WARN_EMPTY_BODY = YES;
				CLANG_WARN_ENUM_CONVERSION = YES;
				CLANG_WARN_INFINITE_RECURSION = YES;
				CLANG_WARN_INT_CONVERSION = YES;
				CLANG_WARN_NON_LITERAL_NULL_CONVERSION = YES;
				CLANG_WARN_OBJC_IMPLICIT_RETAIN_SELF = YES;
				CLANG_WARN_OBJC_LITERAL_CONVERSION = YES;
				CLANG_WARN_OBJC_ROOT_CLASS = YES_ERROR;
				CLANG_WARN_QUOTED_INCLUDE_IN_FRAMEWORK_HEADER = YES;
				CLANG_WARN_RANGE_LOOP_ANALYSIS = YES;
				CLANG_WARN_STRICT_PROTOTYPES = YES;
				CLANG_WARN_SUSPICIOUS_MOVE = YES;
				CLANG_WARN_UNGUARDED_AVAILABILITY = YES_AGGRESSIVE;
				CLANG_WARN_UNREACHABLE_CODE = YES;
				CLANG_WARN__DUPLICATE_METHOD_MATCH = YES;
				COPY_PHASE_STRIP = NO;
				DEBUG_INFORMATION_FORMAT = "dwarf-with-dsym";
				ENABLE_NS_ASSERTIONS = NO;
				ENABLE_STRICT_OBJC_MSGSEND = YES;
				GCC_C_LANGUAGE_STANDARD = gnu11;
				GCC_NO_COMMON_BLOCKS = YES;
				GCC_WARN_64_TO_32_BIT_CONVERSION = YES;
				GCC_WARN_ABOUT_RETURN_TYPE = YES_ERROR;
				GCC_WARN_UNDECLARED_SELECTOR = YES;
				GCC_WARN_UNINITIALIZED_AUTOS = YES_AGGRESSIVE;
				GCC_WARN_UNUSED_FUNCTION = YES;
				GCC_WARN_UNUSED_VARIABLE = YES;
				IPHONEOS_DEPLOYMENT_TARGET = 14.0;
				MTL_ENABLE_DEBUG_INFO = NO;
				MTL_FAST_MATH = YES;
				SDKROOT = iphoneos;
				SWIFT_COMPILATION_MODE = wholemodule;
				SWIFT_OPTIMIZATION_LEVEL = "-O";
				VALIDATE_PRODUCT = YES;
			};
			name = Release;
		};
		A372A40128759F170010A894 /* Debug */ = {
			isa = XCBuildConfiguration;
			buildSettings = {
				ASSETCATALOG_COMPILER_APPICON_NAME = AppIcon;
				ASSETCATALOG_COMPILER_GLOBAL_ACCENT_COLOR_NAME = AccentColor;
				CODE_SIGN_STYLE = Automatic;
				CURRENT_PROJECT_VERSION = 1;
				DEVELOPMENT_TEAM = 9W5BMT376H;
				GENERATE_INFOPLIST_FILE = YES;
				INFOPLIST_FILE = SpaceX/SupportingFiles/Info.plist;
				INFOPLIST_KEY_UIApplicationSupportsIndirectInputEvents = YES;
				INFOPLIST_KEY_UILaunchStoryboardName = LaunchScreen;
				INFOPLIST_KEY_UISupportedInterfaceOrientations = UIInterfaceOrientationPortrait;
				INFOPLIST_KEY_UISupportedInterfaceOrientations_iPhone = UIInterfaceOrientationPortrait;
				LD_RUNPATH_SEARCH_PATHS = (
					"$(inherited)",
					"@executable_path/Frameworks",
				);
				MARKETING_VERSION = 1.0;
				PRODUCT_BUNDLE_IDENTIFIER = Yulia.ua.SpaceX;
				PRODUCT_NAME = "$(TARGET_NAME)";
				SWIFT_EMIT_LOC_STRINGS = YES;
				SWIFT_VERSION = 5.0;
				TARGETED_DEVICE_FAMILY = 1;
			};
			name = Debug;
		};
		A372A40228759F170010A894 /* Release */ = {
			isa = XCBuildConfiguration;
			buildSettings = {
				ASSETCATALOG_COMPILER_APPICON_NAME = AppIcon;
				ASSETCATALOG_COMPILER_GLOBAL_ACCENT_COLOR_NAME = AccentColor;
				CODE_SIGN_STYLE = Automatic;
				CURRENT_PROJECT_VERSION = 1;
				DEVELOPMENT_TEAM = 9W5BMT376H;
				GENERATE_INFOPLIST_FILE = YES;
				INFOPLIST_FILE = SpaceX/SupportingFiles/Info.plist;
				INFOPLIST_KEY_UIApplicationSupportsIndirectInputEvents = YES;
				INFOPLIST_KEY_UILaunchStoryboardName = LaunchScreen;
				INFOPLIST_KEY_UISupportedInterfaceOrientations = UIInterfaceOrientationPortrait;
				INFOPLIST_KEY_UISupportedInterfaceOrientations_iPhone = UIInterfaceOrientationPortrait;
				LD_RUNPATH_SEARCH_PATHS = (
					"$(inherited)",
					"@executable_path/Frameworks",
				);
				MARKETING_VERSION = 1.0;
				PRODUCT_BUNDLE_IDENTIFIER = Yulia.ua.SpaceX;
				PRODUCT_NAME = "$(TARGET_NAME)";
				SWIFT_EMIT_LOC_STRINGS = YES;
				SWIFT_VERSION = 5.0;
				TARGETED_DEVICE_FAMILY = 1;
			};
			name = Release;
		};
/* End XCBuildConfiguration section */

/* Begin XCConfigurationList section */
		A372A3E728759F150010A894 /* Build configuration list for PBXProject "SpaceX" */ = {
			isa = XCConfigurationList;
			buildConfigurations = (
				A372A3FE28759F170010A894 /* Debug */,
				A372A3FF28759F170010A894 /* Release */,
			);
			defaultConfigurationIsVisible = 0;
			defaultConfigurationName = Release;
		};
		A372A40028759F170010A894 /* Build configuration list for PBXNativeTarget "SpaceX" */ = {
			isa = XCConfigurationList;
			buildConfigurations = (
				A372A40128759F170010A894 /* Debug */,
				A372A40228759F170010A894 /* Release */,
			);
			defaultConfigurationIsVisible = 0;
			defaultConfigurationName = Release;
		};
/* End XCConfigurationList section */

/* Begin XCRemoteSwiftPackageReference section */
		A37E71D6287AD25500E2B6C8 /* XCRemoteSwiftPackageReference "apollo-ios" */ = {
			isa = XCRemoteSwiftPackageReference;
			repositoryURL = "https://github.com/apollographql/apollo-ios.git";
			requirement = {
				branch = main;
				kind = branch;
			};
		};
/* End XCRemoteSwiftPackageReference section */

/* Begin XCSwiftPackageProductDependency section */
		A37E71D7287AD25500E2B6C8 /* Apollo */ = {
			isa = XCSwiftPackageProductDependency;
			package = A37E71D6287AD25500E2B6C8 /* XCRemoteSwiftPackageReference "apollo-ios" */;
			productName = Apollo;
		};
		A37E71D9287AD25500E2B6C8 /* ApolloWebSocket */ = {
			isa = XCSwiftPackageProductDependency;
			package = A37E71D6287AD25500E2B6C8 /* XCRemoteSwiftPackageReference "apollo-ios" */;
			productName = ApolloWebSocket;
		};
/* End XCSwiftPackageProductDependency section */
	};
	rootObject = A372A3E428759F150010A894 /* Project object */;
}
