{
  "pins" : [
    {
      "identity" : "apollo-ios",
      "kind" : "remoteSourceControl",
      "location" : "https://github.com/apollographql/apollo-ios.git",
      "state" : {
        "branch" : "main",
        "revision" : "c0a8ce3951a8408c2e3586f13a76950a7e95922d"
      }
    },
    {
      "identity" : "sqlite.swift",
      "kind" : "remoteSourceControl",
      "location" : "https://github.com/stephencelis/SQLite.swift.git",
      "state" : {
        "revision" : "4d543d811ee644fa4cc4bfa0be996b4dd6ba0f54",
        "version" : "0.13.3"
      }
    },
    {
      "identity" : "youtubeplayer",
      "kind" : "remoteSourceControl",
      "location" : "https://github.com/NicholasMata/YoutubePlayer",
      "state" : {
        "branch" : "main",
        "revision" : "7e22c09b4b6d9e9ba905c5e8757ecad400cf870a"
      }
    }
  ],
  "version" : 2
}
